
Microsoft Visual Studio Solution File, Format Version 12.00
Project("{FAE04EC0-301F-11D3-BF4B-00C04F79EFBC}") = "OVHStatusWatcher", "OVHStatusWatcher\OVHStatusWatcher.csproj", "{CAE7F375-BA86-4C78-88AA-523E93BB55DF}"
EndProject
Project("{2150E333-8FDC-42A3-9474-1A3956D46DE8}") = "Solution Items", "Solution Items", "{5CB905B0-5A7A-4E99-8F76-5E9F24BE5D76}"
	ProjectSection(SolutionItems) = preProject
		compose.yaml = compose.yaml
	EndProjectSection
EndProject
Global
	GlobalSection(SolutionConfigurationPlatforms) = preSolution
		Debug|Any CPU = Debug|Any CPU
		Release|Any CPU = Release|Any CPU
	EndGlobalSection
	GlobalSection(ProjectConfigurationPlatforms) = postSolution
		{CAE7F375-BA86-4C78-88AA-523E93BB55DF}.Debug|Any CPU.ActiveCfg = Debug|Any CPU
		{CAE7F375-BA86-4C78-88AA-523E93BB55DF}.Debug|Any CPU.Build.0 = Debug|Any CPU
		{CAE7F375-BA86-4C78-88AA-523E93BB55DF}.Release|Any CPU.ActiveCfg = Release|Any CPU
		{CAE7F375-BA86-4C78-88AA-523E93BB55DF}.Release|Any CPU.Build.0 = Release|Any CPU
	EndGlobalSection
EndGlobal
